
Microsoft Visual Studio Solution File, Format Version 12.00
# Visual Studio Version 16
VisualStudioVersion = 16.0.30717.126
MinimumVisualStudioVersion = 10.0.40219.1
Project("{FAE04EC0-301F-11D3-BF4B-00C04F79EFBC}") = "SalesWebMvc", "SalesWebMvc\SalesWebMvc.csproj", "{18F39584-102B-4DCB-964E-06097A0E9FA3}"
EndProject
Global
	GlobalSection(SolutionConfigurationPlatforms) = preSolution
		Debug|Any CPU = Debug|Any CPU
		Release|Any CPU = Release|Any CPU
	EndGlobalSection
	GlobalSection(ProjectConfigurationPlatforms) = postSolution
		{18F39584-102B-4DCB-964E-06097A0E9FA3}.Debug|Any CPU.ActiveCfg = Debug|Any CPU
		{18F39584-102B-4DCB-964E-06097A0E9FA3}.Debug|Any CPU.Build.0 = Debug|Any CPU
		{18F39584-102B-4DCB-964E-06097A0E9FA3}.Release|Any CPU.ActiveCfg = Release|Any CPU
		{18F39584-102B-4DCB-964E-06097A0E9FA3}.Release|Any CPU.Build.0 = Release|Any CPU
	EndGlobalSection
	GlobalSection(SolutionProperties) = preSolution
		HideSolutionNode = FALSE
	EndGlobalSection
	GlobalSection(ExtensibilityGlobals) = postSolution
		SolutionGuid = {CAF47255-3172-4D5F-9E0C-E042DF036C10}
	EndGlobalSection
EndGlobal
